// !$*UTF8*$!
{
	archiveVersion = 1;
	classes = {
	};
	objectVersion = 77;
	objects = {

/* Begin PBXContainerItemProxy section */
		4DAC1EA12CF640D900842C21 /* PBXContainerItemProxy */ = {
			isa = PBXContainerItemProxy;
			containerPortal = 4DAC1E882CF640D800842C21 /* Project object */;
			proxyType = 1;
			remoteGlobalIDString = 4DAC1E8F2CF640D800842C21;
			remoteInfo = Visit_Card;
		};
		4DAC1EAB2CF640DA00842C21 /* PBXContainerItemProxy */ = {
			isa = PBXContainerItemProxy;
			containerPortal = 4DAC1E882CF640D800842C21 /* Project object */;
			proxyType = 1;
			remoteGlobalIDString = 4DAC1E8F2CF640D800842C21;
			remoteInfo = Visit_Card;
		};
/* End PBXContainerItemProxy section */

/* Begin PBXFileReference section */
		4DAC1E902CF640D800842C21 /* Visit_Card.app */ = {isa = PBXFileReference; explicitFileType = wrapper.application; includeInIndex = 0; path = Visit_Card.app; sourceTree = BUILT_PRODUCTS_DIR; };
		4DAC1EA02CF640D900842C21 /* Visit_CardTests.xctest */ = {isa = PBXFileReference; explicitFileType = wrapper.cfbundle; includeInIndex = 0; path = Visit_CardTests.xctest; sourceTree = BUILT_PRODUCTS_DIR; };
		4DAC1EAA2CF640DA00842C21 /* Visit_CardUITests.xctest */ = {isa = PBXFileReference; explicitFileType = wrapper.cfbundle; includeInIndex = 0; path = Visit_CardUITests.xctest; sourceTree = BUILT_PRODUCTS_DIR; };
/* End PBXFileReference section */

/* Begin PBXFileSystemSynchronizedRootGroup section */
		4DAC1E922CF640D800842C21 /* Visit_Card */ = {
			isa = PBXFileSystemSynchronizedRootGroup;
			path = Visit_Card;
			sourceTree = "<group>";
		};
		4DAC1EA32CF640D900842C21 /* Visit_CardTests */ = {
			isa = PBXFileSystemSynchronizedRootGroup;
			path = Visit_CardTests;
			sourceTree = "<group>";
		};
		4DAC1EAD2CF640DA00842C21 /* Visit_CardUITests */ = {
			isa = PBXFileSystemSynchronizedRootGroup;
			path = Visit_CardUITests;
			sourceTree = "<group>";
		};
/* End PBXFileSystemSynchronizedRootGroup section */

/* Begin PBXFrameworksBuildPhase section */
		4DAC1E8D2CF640D800842C21 /* Frameworks */ = {
			isa = PBXFrameworksBuildPhase;
			buildActionMask = 2147483647;
			files = (
			);
			runOnlyForDeploymentPostprocessing = 0;
		};
		4DAC1E9D2CF640D900842C21 /* Frameworks */ = {
			isa = PBXFrameworksBuildPhase;
			buildActionMask = 2147483647;
			files = (
			);
			runOnlyForDeploymentPostprocessing = 0;
		};
		4DAC1EA72CF640DA00842C21 /* Frameworks */ = {
			isa = PBXFrameworksBuildPhase;
			buildActionMask = 2147483647;
			files = (
			);
			runOnlyForDeploymentPostprocessing = 0;
		};
/* End PBXFrameworksBuildPhase section */

/* Begin PBXGroup section */
		4DAC1E872CF640D800842C21 = {
			isa = PBXGroup;
			children = (
				4DAC1E922CF640D800842C21 /* Visit_Card */,
				4DAC1EA32CF640D900842C21 /* Visit_CardTests */,
				4DAC1EAD2CF640DA00842C21 /* Visit_CardUITests */,
				4DAC1E912CF640D800842C21 /* Products */,
			);
			sourceTree = "<group>";
		};
		4DAC1E912CF640D800842C21 /* Products */ = {
			isa = PBXGroup;
			children = (
				4DAC1E902CF640D800842C21 /* Visit_Card.app */,
				4DAC1EA02CF640D900842C21 /* Visit_CardTests.xctest */,
				4DAC1EAA2CF640DA00842C21 /* Visit_CardUITests.xctest */,
			);
			name = Products;
			sourceTree = "<group>";
		};
/* End PBXGroup section */

/* Begin PBXNativeTarget section */
		4DAC1E8F2CF640D800842C21 /* Visit_Card */ = {
			isa = PBXNativeTarget;
			buildConfigurationList = 4DAC1EB42CF640DA00842C21 /* Build configuration list for PBXNativeTarget "Visit_Card" */;
			buildPhases = (
				4DAC1E8C2CF640D800842C21 /* Sources */,
				4DAC1E8D2CF640D800842C21 /* Frameworks */,
				4DAC1E8E2CF640D800842C21 /* Resources */,
			);
			buildRules = (
			);
			dependencies = (
			);
			fileSystemSynchronizedGroups = (
				4DAC1E922CF640D800842C21 /* Visit_Card */,
			);
			name = Visit_Card;
			packageProductDependencies = (
			);
			productName = Visit_Card;
			productReference = 4DAC1E902CF640D800842C21 /* Visit_Card.app */;
			productType = "com.apple.product-type.application";
		};
		4DAC1E9F2CF640D900842C21 /* Visit_CardTests */ = {
			isa = PBXNativeTarget;
			buildConfigurationList = 4DAC1EB72CF640DA00842C21 /* Build configuration list for PBXNativeTarget "Visit_CardTests" */;
			buildPhases = (
				4DAC1E9C2CF640D900842C21 /* Sources */,
				4DAC1E9D2CF640D900842C21 /* Frameworks */,
				4DAC1E9E2CF640D900842C21 /* Resources */,
			);
			buildRules = (
			);
			dependencies = (
				4DAC1EA22CF640D900842C21 /* PBXTargetDependency */,
			);
			fileSystemSynchronizedGroups = (
				4DAC1EA32CF640D900842C21 /* Visit_CardTests */,
			);
			name = Visit_CardTests;
			packageProductDependencies = (
			);
			productName = Visit_CardTests;
			productReference = 4DAC1EA02CF640D900842C21 /* Visit_CardTests.xctest */;
			productType = "com.apple.product-type.bundle.unit-test";
		};
		4DAC1EA92CF640DA00842C21 /* Visit_CardUITests */ = {
			isa = PBXNativeTarget;
			buildConfigurationList = 4DAC1EBA2CF640DA00842C21 /* Build configuration list for PBXNativeTarget "Visit_CardUITests" */;
			buildPhases = (
				4DAC1EA62CF640DA00842C21 /* Sources */,
				4DAC1EA72CF640DA00842C21 /* Frameworks */,
				4DAC1EA82CF640DA00842C21 /* Resources */,
			);
			buildRules = (
			);
			dependencies = (
				4DAC1EAC2CF640DA00842C21 /* PBXTargetDependency */,
			);
			fileSystemSynchronizedGroups = (
				4DAC1EAD2CF640DA00842C21 /* Visit_CardUITests */,
			);
			name = Visit_CardUITests;
			packageProductDependencies = (
			);
			productName = Visit_CardUITests;
			productReference = 4DAC1EAA2CF640DA00842C21 /* Visit_CardUITests.xctest */;
			productType = "com.apple.product-type.bundle.ui-testing";
		};
/* End PBXNativeTarget section */

/* Begin PBXProject section */
		4DAC1E882CF640D800842C21 /* Project object */ = {
			isa = PBXProject;
			attributes = {
				BuildIndependentTargetsInParallel = 1;
				LastSwiftUpdateCheck = 1610;
				LastUpgradeCheck = 1610;
				TargetAttributes = {
					4DAC1E8F2CF640D800842C21 = {
						CreatedOnToolsVersion = 16.1;
					};
					4DAC1E9F2CF640D900842C21 = {
						CreatedOnToolsVersion = 16.1;
						TestTargetID = 4DAC1E8F2CF640D800842C21;
					};
					4DAC1EA92CF640DA00842C21 = {
						CreatedOnToolsVersion = 16.1;
						TestTargetID = 4DAC1E8F2CF640D800842C21;
					};
				};
			};
			buildConfigurationList = 4DAC1E8B2CF640D800842C21 /* Build configuration list for PBXProject "Visit_Card" */;
			developmentRegion = en;
			hasScannedForEncodings = 0;
			knownRegions = (
				en,
				Base,
			);
			mainGroup = 4DAC1E872CF640D800842C21;
			minimizedProjectReferenceProxies = 1;
			preferredProjectObjectVersion = 77;
			productRefGroup = 4DAC1E912CF640D800842C21 /* Products */;
			projectDirPath = "";
			projectRoot = "";
			targets = (
				4DAC1E8F2CF640D800842C21 /* Visit_Card */,
				4DAC1E9F2CF640D900842C21 /* Visit_CardTests */,
				4DAC1EA92CF640DA00842C21 /* Visit_CardUITests */,
			);
		};
/* End PBXProject section */

/* Begin PBXResourcesBuildPhase section */
		4DAC1E8E2CF640D800842C21 /* Resources */ = {
			isa = PBXResourcesBuildPhase;
			buildActionMask = 2147483647;
			files = (
			);
			runOnlyForDeploymentPostprocessing = 0;
		};
		4DAC1E9E2CF640D900842C21 /* Resources */ = {
			isa = PBXResourcesBuildPhase;
			buildActionMask = 2147483647;
			files = (
			);
			runOnlyForDeploymentPostprocessing = 0;
		};
		4DAC1EA82CF640DA00842C21 /* Resources */ = {
			isa = PBXResourcesBuildPhase;
			buildActionMask = 2147483647;
			files = (
			);
			runOnlyForDeploymentPostprocessing = 0;
		};
/* End PBXResourcesBuildPhase section */

/* Begin PBXSourcesBuildPhase section */
		4DAC1E8C2CF640D800842C21 /* Sources */ = {
			isa = PBXSourcesBuildPhase;
			buildActionMask = 2147483647;
			files = (
			);
			runOnlyForDeploymentPostprocessing = 0;
		};
		4DAC1E9C2CF640D900842C21 /* Sources */ = {
			isa = PBXSourcesBuildPhase;
			buildActionMask = 2147483647;
			files = (
			);
			runOnlyForDeploymentPostprocessing = 0;
		};
		4DAC1EA62CF640DA00842C21 /* Sources */ = {
			isa = PBXSourcesBuildPhase;
			buildActionMask = 2147483647;
			files = (
			);
			runOnlyForDeploymentPostprocessing = 0;
		};
/* End PBXSourcesBuildPhase section */

/* Begin PBXTargetDependency section */
		4DAC1EA22CF640D900842C21 /* PBXTargetDependency */ = {
			isa = PBXTargetDependency;
			target = 4DAC1E8F2CF640D800842C21 /* Visit_Card */;
			targetProxy = 4DAC1EA12CF640D900842C21 /* PBXContainerItemProxy */;
		};
		4DAC1EAC2CF640DA00842C21 /* PBXTargetDependency */ = {
			isa = PBXTargetDependency;
			target = 4DAC1E8F2CF640D800842C21 /* Visit_Card */;
			targetProxy = 4DAC1EAB2CF640DA00842C21 /* PBXContainerItemProxy */;
		};
/* End PBXTargetDependency section */

/* Begin XCBuildConfiguration section */
		4DAC1EB22CF640DA00842C21 /* Debug */ = {
			isa = XCBuildConfiguration;
			buildSettings = {
				ALWAYS_SEARCH_USER_PATHS = NO;
				ASSETCATALOG_COMPILER_GENERATE_SWIFT_ASSET_SYMBOL_EXTENSIONS = YES;
				CLANG_ANALYZER_NONNULL = YES;
				CLANG_ANALYZER_NUMBER_OBJECT_CONVERSION = YES_AGGRESSIVE;
				CLANG_CXX_LANGUAGE_STANDARD = "gnu++20";
				CLANG_ENABLE_MODULES = YES;
				CLANG_ENABLE_OBJC_ARC = YES;
				CLANG_ENABLE_OBJC_WEAK = YES;
				CLANG_WARN_BLOCK_CAPTURE_AUTORELEASING = YES;
				CLANG_WARN_BOOL_CONVERSION = YES;
				CLANG_WARN_COMMA = YES;
				CLANG_WARN_CONSTANT_CONVERSION = YES;
				CLANG_WARN_DEPRECATED_OBJC_IMPLEMENTATIONS = YES;
				CLANG_WARN_DIRECT_OBJC_ISA_USAGE = YES_ERROR;
				CLANG_WARN_DOCUMENTATION_COMMENTS = YES;
				CLANG_WARN_EMPTY_BODY = YES;
				CLANG_WARN_ENUM_CONVERSION = YES;
				CLANG_WARN_INFINITE_RECURSION = YES;
				CLANG_WARN_INT_CONVERSION = YES;
				CLANG_WARN_NON_LITERAL_NULL_CONVERSION = YES;
				CLANG_WARN_OBJC_IMPLICIT_RETAIN_SELF = YES;
				CLANG_WARN_OBJC_LITERAL_CONVERSION = YES;
				CLANG_WARN_OBJC_ROOT_CLASS = YES_ERROR;
				CLANG_WARN_QUOTED_INCLUDE_IN_FRAMEWORK_HEADER = YES;
				CLANG_WARN_RANGE_LOOP_ANALYSIS = YES;
				CLANG_WARN_STRICT_PROTOTYPES = YES;
				CLANG_WARN_SUSPICIOUS_MOVE = YES;
				CLANG_WARN_UNGUARDED_AVAILABILITY = YES_AGGRESSIVE;
				CLANG_WARN_UNREACHABLE_CODE = YES;
				CLANG_WARN__DUPLICATE_METHOD_MATCH = YES;
				COPY_PHASE_STRIP = NO;
				DEBUG_INFORMATION_FORMAT = dwarf;
				ENABLE_STRICT_OBJC_MSGSEND = YES;
				ENABLE_TESTABILITY = YES;
				ENABLE_USER_SCRIPT_SANDBOXING = YES;
				GCC_C_LANGUAGE_STANDARD = gnu17;
				GCC_DYNAMIC_NO_PIC = NO;
				GCC_NO_COMMON_BLOCKS = YES;
				GCC_OPTIMIZATION_LEVEL = 0;
				GCC_PREPROCESSOR_DEFINITIONS = (
					"DEBUG=1",
					"$(inherited)",
				);
				GCC_WARN_64_TO_32_BIT_CONVERSION = YES;
				GCC_WARN_ABOUT_RETURN_TYPE = YES_ERROR;
				GCC_WARN_UNDECLARED_SELECTOR = YES;
				GCC_WARN_UNINITIALIZED_AUTOS = YES_AGGRESSIVE;
				GCC_WARN_UNUSED_FUNCTION = YES;
				GCC_WARN_UNUSED_VARIABLE = YES;
				IPHONEOS_DEPLOYMENT_TARGET = 18.1;
				LOCALIZATION_PREFERS_STRING_CATALOGS = YES;
				MTL_ENABLE_DEBUG_INFO = INCLUDE_SOURCE;
				MTL_FAST_MATH = YES;
				ONLY_ACTIVE_ARCH = YES;
				SDKROOT = iphoneos;
				SWIFT_ACTIVE_COMPILATION_CONDITIONS = "DEBUG $(inherited)";
				SWIFT_OPTIMIZATION_LEVEL = "-Onone";
			};
			name = Debug;
		};
		4DAC1EB32CF640DA00842C21 /* Release */ = {
			isa = XCBuildConfiguration;
			buildSettings = {
				ALWAYS_SEARCH_USER_PATHS = NO;
				ASSETCATALOG_COMPILER_GENERATE_SWIFT_ASSET_SYMBOL_EXTENSIONS = YES;
				CLANG_ANALYZER_NONNULL = YES;
				CLANG_ANALYZER_NUMBER_OBJECT_CONVERSION = YES_AGGRESSIVE;
				CLANG_CXX_LANGUAGE_STANDARD = "gnu++20";
				CLANG_ENABLE_MODULES = YES;
				CLANG_ENABLE_OBJC_ARC = YES;
				CLANG_ENABLE_OBJC_WEAK = YES;
				CLANG_WARN_BLOCK_CAPTURE_AUTORELEASING = YES;
				CLANG_WARN_BOOL_CONVERSION = YES;
				CLANG_WARN_COMMA = YES;
				CLANG_WARN_CONSTANT_CONVERSION = YES;
				CLANG_WARN_DEPRECATED_OBJC_IMPLEMENTATIONS = YES;
				CLANG_WARN_DIRECT_OBJC_ISA_USAGE = YES_ERROR;
				CLANG_WARN_DOCUMENTATION_COMMENTS = YES;
				CLANG_WARN_EMPTY_BODY = YES;
				CLANG_WARN_ENUM_CONVERSION = YES;
				CLANG_WARN_INFINITE_RECURSION = YES;
				CLANG_WARN_INT_CONVERSION = YES;
				CLANG_WARN_NON_LITERAL_NULL_CONVERSION = YES;
				CLANG_WARN_OBJC_IMPLICIT_RETAIN_SELF = YES;
				CLANG_WARN_OBJC_LITERAL_CONVERSION = YES;
				CLANG_WARN_OBJC_ROOT_CLASS = YES_ERROR;
				CLANG_WARN_QUOTED_INCLUDE_IN_FRAMEWORK_HEADER = YES;
				CLANG_WARN_RANGE_LOOP_ANALYSIS = YES;
				CLANG_WARN_STRICT_PROTOTYPES = YES;
				CLANG_WARN_SUSPICIOUS_MOVE = YES;
				CLANG_WARN_UNGUARDED_AVAILABILITY = YES_AGGRESSIVE;
				CLANG_WARN_UNREACHABLE_CODE = YES;
				CLANG_WARN__DUPLICATE_METHOD_MATCH = YES;
				COPY_PHASE_STRIP = NO;
				DEBUG_INFORMATION_FORMAT = "dwarf-with-dsym";
				ENABLE_NS_ASSERTIONS = NO;
				ENABLE_STRICT_OBJC_MSGSEND = YES;
				ENABLE_USER_SCRIPT_SANDBOXING = YES;
				GCC_C_LANGUAGE_STANDARD = gnu17;
				GCC_NO_COMMON_BLOCKS = YES;
				GCC_WARN_64_TO_32_BIT_CONVERSION = YES;
				GCC_WARN_ABOUT_RETURN_TYPE = YES_ERROR;
				GCC_WARN_UNDECLARED_SELECTOR = YES;
				GCC_WARN_UNINITIALIZED_AUTOS = YES_AGGRESSIVE;
				GCC_WARN_UNUSED_FUNCTION = YES;
				GCC_WARN_UNUSED_VARIABLE = YES;
				IPHONEOS_DEPLOYMENT_TARGET = 18.1;
				LOCALIZATION_PREFERS_STRING_CATALOGS = YES;
				MTL_ENABLE_DEBUG_INFO = NO;
				MTL_FAST_MATH = YES;
				SDKROOT = iphoneos;
				SWIFT_COMPILATION_MODE = wholemodule;
				VALIDATE_PRODUCT = YES;
			};
			name = Release;
		};
		4DAC1EB52CF640DA00842C21 /* Debug */ = {
			isa = XCBuildConfiguration;
			buildSettings = {
				ASSETCATALOG_COMPILER_APPICON_NAME = AppIcon;
				ASSETCATALOG_COMPILER_GLOBAL_ACCENT_COLOR_NAME = AccentColor;
				CODE_SIGN_STYLE = Automatic;
				CURRENT_PROJECT_VERSION = 1;
				DEVELOPMENT_ASSET_PATHS = "\"Visit_Card/Preview Content\"";
				DEVELOPMENT_TEAM = DX39GU495H;
				ENABLE_PREVIEWS = YES;
				GENERATE_INFOPLIST_FILE = YES;
				INFOPLIST_KEY_UIApplicationSceneManifest_Generation = YES;
				INFOPLIST_KEY_UIApplicationSupportsIndirectInputEvents = YES;
				INFOPLIST_KEY_UILaunchScreen_Generation = YES;
				INFOPLIST_KEY_UISupportedInterfaceOrientations_iPad = "UIInterfaceOrientationPortrait UIInterfaceOrientationPortraitUpsideDown UIInterfaceOrientationLandscapeLeft UIInterfaceOrientationLandscapeRight";
				INFOPLIST_KEY_UISupportedInterfaceOrientations_iPhone = "UIInterfaceOrientationPortrait UIInterfaceOrientationLandscapeLeft UIInterfaceOrientationLandscapeRight";
				LD_RUNPATH_SEARCH_PATHS = (
					"$(inherited)",
					"@executable_path/Frameworks",
				);
				MARKETING_VERSION = 1.0;
				PRODUCT_BUNDLE_IDENTIFIER = "com.etien.Visit-Card";
				PRODUCT_NAME = "$(TARGET_NAME)";
				SWIFT_EMIT_LOC_STRINGS = YES;
				SWIFT_VERSION = 5.0;
				TARGETED_DEVICE_FAMILY = "1,2";
			};
			name = Debug;
		};
		4DAC1EB62CF640DA00842C21 /* Release */ = {
			isa = XCBuildConfiguration;
			buildSettings = {
				ASSETCATALOG_COMPILER_APPICON_NAME = AppIcon;
				ASSETCATALOG_COMPILER_GLOBAL_ACCENT_COLOR_NAME = AccentColor;
				CODE_SIGN_STYLE = Automatic;
				CURRENT_PROJECT_VERSION = 1;
				DEVELOPMENT_ASSET_PATHS = "\"Visit_Card/Preview Content\"";
				DEVELOPMENT_TEAM = DX39GU495H;
				ENABLE_PREVIEWS = YES;
				GENERATE_INFOPLIST_FILE = YES;
				INFOPLIST_KEY_UIApplicationSceneManifest_Generation = YES;
				INFOPLIST_KEY_UIApplicationSupportsIndirectInputEvents = YES;
				INFOPLIST_KEY_UILaunchScreen_Generation = YES;
				INFOPLIST_KEY_UISupportedInterfaceOrientations_iPad = "UIInterfaceOrientationPortrait UIInterfaceOrientationPortraitUpsideDown UIInterfaceOrientationLandscapeLeft UIInterfaceOrientationLandscapeRight";
				INFOPLIST_KEY_UISupportedInterfaceOrientations_iPhone = "UIInterfaceOrientationPortrait UIInterfaceOrientationLandscapeLeft UIInterfaceOrientationLandscapeRight";
				LD_RUNPATH_SEARCH_PATHS = (
					"$(inherited)",
					"@executable_path/Frameworks",
				);
				MARKETING_VERSION = 1.0;
				PRODUCT_BUNDLE_IDENTIFIER = "com.etien.Visit-Card";
				PRODUCT_NAME = "$(TARGET_NAME)";
				SWIFT_EMIT_LOC_STRINGS = YES;
				SWIFT_VERSION = 5.0;
				TARGETED_DEVICE_FAMILY = "1,2";
			};
			name = Release;
		};
		4DAC1EB82CF640DA00842C21 /* Debug */ = {
			isa = XCBuildConfiguration;
			buildSettings = {
				BUNDLE_LOADER = "$(TEST_HOST)";
				CODE_SIGN_STYLE = Automatic;
				CURRENT_PROJECT_VERSION = 1;
				DEVELOPMENT_TEAM = DX39GU495H;
				GENERATE_INFOPLIST_FILE = YES;
				IPHONEOS_DEPLOYMENT_TARGET = 18.1;
				MARKETING_VERSION = 1.0;
				PRODUCT_BUNDLE_IDENTIFIER = "com.etien.Visit-CardTests";
				PRODUCT_NAME = "$(TARGET_NAME)";
				SWIFT_EMIT_LOC_STRINGS = NO;
				SWIFT_VERSION = 5.0;
				TARGETED_DEVICE_FAMILY = "1,2";
				TEST_HOST = "$(BUILT_PRODUCTS_DIR)/Visit_Card.app/$(BUNDLE_EXECUTABLE_FOLDER_PATH)/Visit_Card";
			};
			name = Debug;
		};
		4DAC1EB92CF640DA00842C21 /* Release */ = {
			isa = XCBuildConfiguration;
			buildSettings = {
				BUNDLE_LOADER = "$(TEST_HOST)";
				CODE_SIGN_STYLE = Automatic;
				CURRENT_PROJECT_VERSION = 1;
				DEVELOPMENT_TEAM = DX39GU495H;
				GENERATE_INFOPLIST_FILE = YES;
				IPHONEOS_DEPLOYMENT_TARGET = 18.1;
				MARKETING_VERSION = 1.0;
				PRODUCT_BUNDLE_IDENTIFIER = "com.etien.Visit-CardTests";
				PRODUCT_NAME = "$(TARGET_NAME)";
				SWIFT_EMIT_LOC_STRINGS = NO;
				SWIFT_VERSION = 5.0;
				TARGETED_DEVICE_FAMILY = "1,2";
				TEST_HOST = "$(BUILT_PRODUCTS_DIR)/Visit_Card.app/$(BUNDLE_EXECUTABLE_FOLDER_PATH)/Visit_Card";
			};
			name = Release;
		};
		4DAC1EBB2CF640DA00842C21 /* Debug */ = {
			isa = XCBuildConfiguration;
			buildSettings = {
				CODE_SIGN_STYLE = Automatic;
				CURRENT_PROJECT_VERSION = 1;
				DEVELOPMENT_TEAM = DX39GU495H;
				GENERATE_INFOPLIST_FILE = YES;
				MARKETING_VERSION = 1.0;
				PRODUCT_BUNDLE_IDENTIFIER = "com.etien.Visit-CardUITests";
				PRODUCT_NAME = "$(TARGET_NAME)";
				SWIFT_EMIT_LOC_STRINGS = NO;
				SWIFT_VERSION = 5.0;
				TARGETED_DEVICE_FAMILY = "1,2";
				TEST_TARGET_NAME = Visit_Card;
			};
			name = Debug;
		};
		4DAC1EBC2CF640DA00842C21 /* Release */ = {
			isa = XCBuildConfiguration;
			buildSettings = {
				CODE_SIGN_STYLE = Automatic;
				CURRENT_PROJECT_VERSION = 1;
				DEVELOPMENT_TEAM = DX39GU495H;
				GENERATE_INFOPLIST_FILE = YES;
				MARKETING_VERSION = 1.0;
				PRODUCT_BUNDLE_IDENTIFIER = "com.etien.Visit-CardUITests";
				PRODUCT_NAME = "$(TARGET_NAME)";
				SWIFT_EMIT_LOC_STRINGS = NO;
				SWIFT_VERSION = 5.0;
				TARGETED_DEVICE_FAMILY = "1,2";
				TEST_TARGET_NAME = Visit_Card;
			};
			name = Release;
		};
/* End XCBuildConfiguration section */

/* Begin XCConfigurationList section */
		4DAC1E8B2CF640D800842C21 /* Build configuration list for PBXProject "Visit_Card" */ = {
			isa = XCConfigurationList;
			buildConfigurations = (
				4DAC1EB22CF640DA00842C21 /* Debug */,
				4DAC1EB32CF640DA00842C21 /* Release */,
			);
			defaultConfigurationIsVisible = 0;
			defaultConfigurationName = Release;
		};
		4DAC1EB42CF640DA00842C21 /* Build configuration list for PBXNativeTarget "Visit_Card" */ = {
			isa = XCConfigurationList;
			buildConfigurations = (
				4DAC1EB52CF640DA00842C21 /* Debug */,
				4DAC1EB62CF640DA00842C21 /* Release */,
			);
			defaultConfigurationIsVisible = 0;
			defaultConfigurationName = Release;
		};
		4DAC1EB72CF640DA00842C21 /* Build configuration list for PBXNativeTarget "Visit_CardTests" */ = {
			isa = XCConfigurationList;
			buildConfigurations = (
				4DAC1EB82CF640DA00842C21 /* Debug */,
				4DAC1EB92CF640DA00842C21 /* Release */,
			);
			defaultConfigurationIsVisible = 0;
			defaultConfigurationName = Release;
		};
		4DAC1EBA2CF640DA00842C21 /* Build configuration list for PBXNativeTarget "Visit_CardUITests" */ = {
			isa = XCConfigurationList;
			buildConfigurations = (
				4DAC1EBB2CF640DA00842C21 /* Debug */,
				4DAC1EBC2CF640DA00842C21 /* Release */,
			);
			defaultConfigurationIsVisible = 0;
			defaultConfigurationName = Release;
		};
/* End XCConfigurationList section */
	};
	rootObject = 4DAC1E882CF640D800842C21 /* Project object */;
}
